
Microsoft Visual Studio Solution File, Format Version 12.00
# Visual Studio 14
VisualStudioVersion = 14.0.23107.0
MinimumVisualStudioVersion = 10.0.40219.1
Project("{FAE04EC0-301F-11D3-BF4B-00C04F79EFBC}") = "ProjectSample.Infrastructure.Framework", "ProjectSample.Infrastructure.Framework\ProjectSample.Infrastructure.Framework.csproj", "{02F7B328-6628-47E9-A067-2D0D1089D706}"
EndProject
Project("{FAE04EC0-301F-11D3-BF4B-00C04F79EFBC}") = "ProjectSample.Infrastructure.Repositories", "ProjectSample.Infrastructure.Repositories\ProjectSample.Infrastructure.Repositories.csproj", "{2EB522D1-761E-4458-A25E-3D2220431BAA}"
EndProject
Project("{FAE04EC0-301F-11D3-BF4B-00C04F79EFBC}") = "ProjectSample.Infrastructure.Framework.UnitTests", "ProjectSample.Infrastructure.Framework.UnitTests\ProjectSample.Infrastructure.Framework.UnitTests.csproj", "{F4C368C8-8B52-4B0D-B26D-67DC00C5DC68}"
EndProject
Project("{2150E333-8FDC-42A3-9474-1A3956D46DE8}") = "Apps", "Apps", "{7392284F-2369-4284-A2DE-7209457ADAE4}"
EndProject
Project("{2150E333-8FDC-42A3-9474-1A3956D46DE8}") = "Domain", "Domain", "{4B1DA258-5BB8-4FCA-9448-E1901F2F2613}"
EndProject
Project("{2150E333-8FDC-42A3-9474-1A3956D46DE8}") = "Infrastructure", "Infrastructure", "{3C014A26-6DBB-4894-8264-B8B6EB413FA8}"
EndProject
Project("{FAE04EC0-301F-11D3-BF4B-00C04F79EFBC}") = "ProjectSample.Infrastructure.Web", "ProjectSample.Infrastructure.Web\ProjectSample.Infrastructure.Web.csproj", "{7CC8032E-BB47-4C36-BAB7-BB726B9A4B80}"
EndProject
Project("{FAE04EC0-301F-11D3-BF4B-00C04F79EFBC}") = "ProjectSample.Domain", "ProjectSample.Domain\ProjectSample.Domain.csproj", "{D439D732-0691-46E4-AB74-DAFA7682567F}"
EndProject
Project("{FAE04EC0-301F-11D3-BF4B-00C04F79EFBC}") = "ProjectSample.Domain.UnitTests", "ProjectSample.Domain.UnitTests\ProjectSample.Domain.UnitTests.csproj", "{E4AADB14-A99D-4531-932A-5544B7AC985B}"
EndProject
Project("{FAE04EC0-301F-11D3-BF4B-00C04F79EFBC}") = "ProjectSample.BackgroundWorkerApp", "ProjectSample.BackgroundWorkerApp\ProjectSample.BackgroundWorkerApp.csproj", "{6A4095A5-BC06-429D-9FB1-0D7426BBCBDC}"
EndProject
Project("{FAE04EC0-301F-11D3-BF4B-00C04F79EFBC}") = "ProjectSample.WebApi", "ProjectSample.WebApi\ProjectSample.WebApi.csproj", "{2E7F3EB6-0893-4D56-BE9B-857CCA9D084C}"
EndProject
Project("{FAE04EC0-301F-11D3-BF4B-00C04F79EFBC}") = "ProjectSample.WebApp", "ProjectSample.WebApp\ProjectSample.WebApp.csproj", "{B946259F-081F-499D-9CD0-6D33E4B9513D}"
EndProject
Project("{FAE04EC0-301F-11D3-BF4B-00C04F79EFBC}") = "ProjectSample.Specs", "ProjectSample.Specs\ProjectSample.Specs.csproj", "{482624AB-121E-49D0-BA81-2DBD433E44E2}"
EndProject
Global
	GlobalSection(SolutionConfigurationPlatforms) = preSolution
		CI|Any CPU = CI|Any CPU
		Debug|Any CPU = Debug|Any CPU
		DEV|Any CPU = DEV|Any CPU
		HLG|Any CPU = HLG|Any CPU
		PRD|Any CPU = PRD|Any CPU
		Release|Any CPU = Release|Any CPU
		TST|Any CPU = TST|Any CPU
	EndGlobalSection
	GlobalSection(ProjectConfigurationPlatforms) = postSolution
		{02F7B328-6628-47E9-A067-2D0D1089D706}.CI|Any CPU.ActiveCfg = CI|Any CPU
		{02F7B328-6628-47E9-A067-2D0D1089D706}.CI|Any CPU.Build.0 = CI|Any CPU
		{02F7B328-6628-47E9-A067-2D0D1089D706}.Debug|Any CPU.ActiveCfg = DEV|Any CPU
		{02F7B328-6628-47E9-A067-2D0D1089D706}.Debug|Any CPU.Build.0 = DEV|Any CPU
		{02F7B328-6628-47E9-A067-2D0D1089D706}.DEV|Any CPU.ActiveCfg = DEV|Any CPU
		{02F7B328-6628-47E9-A067-2D0D1089D706}.DEV|Any CPU.Build.0 = DEV|Any CPU
		{02F7B328-6628-47E9-A067-2D0D1089D706}.HLG|Any CPU.ActiveCfg = HLG|Any CPU
		{02F7B328-6628-47E9-A067-2D0D1089D706}.HLG|Any CPU.Build.0 = HLG|Any CPU
		{02F7B328-6628-47E9-A067-2D0D1089D706}.PRD|Any CPU.ActiveCfg = PRD|Any CPU
		{02F7B328-6628-47E9-A067-2D0D1089D706}.PRD|Any CPU.Build.0 = PRD|Any CPU
		{02F7B328-6628-47E9-A067-2D0D1089D706}.Release|Any CPU.ActiveCfg = TST|Any CPU
		{02F7B328-6628-47E9-A067-2D0D1089D706}.Release|Any CPU.Build.0 = TST|Any CPU
		{02F7B328-6628-47E9-A067-2D0D1089D706}.TST|Any CPU.ActiveCfg = TST|Any CPU
		{02F7B328-6628-47E9-A067-2D0D1089D706}.TST|Any CPU.Build.0 = TST|Any CPU
		{2EB522D1-761E-4458-A25E-3D2220431BAA}.CI|Any CPU.ActiveCfg = CI|Any CPU
		{2EB522D1-761E-4458-A25E-3D2220431BAA}.CI|Any CPU.Build.0 = CI|Any CPU
		{2EB522D1-761E-4458-A25E-3D2220431BAA}.Debug|Any CPU.ActiveCfg = DEV|Any CPU
		{2EB522D1-761E-4458-A25E-3D2220431BAA}.Debug|Any CPU.Build.0 = DEV|Any CPU
		{2EB522D1-761E-4458-A25E-3D2220431BAA}.DEV|Any CPU.ActiveCfg = DEV|Any CPU
		{2EB522D1-761E-4458-A25E-3D2220431BAA}.DEV|Any CPU.Build.0 = DEV|Any CPU
		{2EB522D1-761E-4458-A25E-3D2220431BAA}.HLG|Any CPU.ActiveCfg = HLG|Any CPU
		{2EB522D1-761E-4458-A25E-3D2220431BAA}.HLG|Any CPU.Build.0 = HLG|Any CPU
		{2EB522D1-761E-4458-A25E-3D2220431BAA}.PRD|Any CPU.ActiveCfg = PRD|Any CPU
		{2EB522D1-761E-4458-A25E-3D2220431BAA}.PRD|Any CPU.Build.0 = PRD|Any CPU
		{2EB522D1-761E-4458-A25E-3D2220431BAA}.Release|Any CPU.ActiveCfg = TST|Any CPU
		{2EB522D1-761E-4458-A25E-3D2220431BAA}.Release|Any CPU.Build.0 = TST|Any CPU
		{2EB522D1-761E-4458-A25E-3D2220431BAA}.TST|Any CPU.ActiveCfg = TST|Any CPU
		{2EB522D1-761E-4458-A25E-3D2220431BAA}.TST|Any CPU.Build.0 = TST|Any CPU
		{F4C368C8-8B52-4B0D-B26D-67DC00C5DC68}.CI|Any CPU.ActiveCfg = CI|Any CPU
		{F4C368C8-8B52-4B0D-B26D-67DC00C5DC68}.CI|Any CPU.Build.0 = CI|Any CPU
		{F4C368C8-8B52-4B0D-B26D-67DC00C5DC68}.Debug|Any CPU.ActiveCfg = DEV|Any CPU
		{F4C368C8-8B52-4B0D-B26D-67DC00C5DC68}.Debug|Any CPU.Build.0 = DEV|Any CPU
		{F4C368C8-8B52-4B0D-B26D-67DC00C5DC68}.DEV|Any CPU.ActiveCfg = DEV|Any CPU
		{F4C368C8-8B52-4B0D-B26D-67DC00C5DC68}.DEV|Any CPU.Build.0 = DEV|Any CPU
		{F4C368C8-8B52-4B0D-B26D-67DC00C5DC68}.HLG|Any CPU.ActiveCfg = HLG|Any CPU
		{F4C368C8-8B52-4B0D-B26D-67DC00C5DC68}.HLG|Any CPU.Build.0 = HLG|Any CPU
		{F4C368C8-8B52-4B0D-B26D-67DC00C5DC68}.PRD|Any CPU.ActiveCfg = PRD|Any CPU
		{F4C368C8-8B52-4B0D-B26D-67DC00C5DC68}.PRD|Any CPU.Build.0 = PRD|Any CPU
		{F4C368C8-8B52-4B0D-B26D-67DC00C5DC68}.Release|Any CPU.ActiveCfg = TST|Any CPU
		{F4C368C8-8B52-4B0D-B26D-67DC00C5DC68}.Release|Any CPU.Build.0 = TST|Any CPU
		{F4C368C8-8B52-4B0D-B26D-67DC00C5DC68}.TST|Any CPU.ActiveCfg = TST|Any CPU
		{F4C368C8-8B52-4B0D-B26D-67DC00C5DC68}.TST|Any CPU.Build.0 = TST|Any CPU
		{7CC8032E-BB47-4C36-BAB7-BB726B9A4B80}.CI|Any CPU.ActiveCfg = CI|Any CPU
		{7CC8032E-BB47-4C36-BAB7-BB726B9A4B80}.CI|Any CPU.Build.0 = CI|Any CPU
		{7CC8032E-BB47-4C36-BAB7-BB726B9A4B80}.Debug|Any CPU.ActiveCfg = DEV|Any CPU
		{7CC8032E-BB47-4C36-BAB7-BB726B9A4B80}.Debug|Any CPU.Build.0 = DEV|Any CPU
		{7CC8032E-BB47-4C36-BAB7-BB726B9A4B80}.DEV|Any CPU.ActiveCfg = DEV|Any CPU
		{7CC8032E-BB47-4C36-BAB7-BB726B9A4B80}.DEV|Any CPU.Build.0 = DEV|Any CPU
		{7CC8032E-BB47-4C36-BAB7-BB726B9A4B80}.HLG|Any CPU.ActiveCfg = HLG|Any CPU
		{7CC8032E-BB47-4C36-BAB7-BB726B9A4B80}.HLG|Any CPU.Build.0 = HLG|Any CPU
		{7CC8032E-BB47-4C36-BAB7-BB726B9A4B80}.PRD|Any CPU.ActiveCfg = PRD|Any CPU
		{7CC8032E-BB47-4C36-BAB7-BB726B9A4B80}.PRD|Any CPU.Build.0 = PRD|Any CPU
		{7CC8032E-BB47-4C36-BAB7-BB726B9A4B80}.Release|Any CPU.ActiveCfg = TST|Any CPU
		{7CC8032E-BB47-4C36-BAB7-BB726B9A4B80}.Release|Any CPU.Build.0 = TST|Any CPU
		{7CC8032E-BB47-4C36-BAB7-BB726B9A4B80}.TST|Any CPU.ActiveCfg = TST|Any CPU
		{7CC8032E-BB47-4C36-BAB7-BB726B9A4B80}.TST|Any CPU.Build.0 = TST|Any CPU
		{D439D732-0691-46E4-AB74-DAFA7682567F}.CI|Any CPU.ActiveCfg = CI|Any CPU
		{D439D732-0691-46E4-AB74-DAFA7682567F}.CI|Any CPU.Build.0 = CI|Any CPU
		{D439D732-0691-46E4-AB74-DAFA7682567F}.Debug|Any CPU.ActiveCfg = DEV|Any CPU
		{D439D732-0691-46E4-AB74-DAFA7682567F}.Debug|Any CPU.Build.0 = DEV|Any CPU
		{D439D732-0691-46E4-AB74-DAFA7682567F}.DEV|Any CPU.ActiveCfg = DEV|Any CPU
		{D439D732-0691-46E4-AB74-DAFA7682567F}.DEV|Any CPU.Build.0 = DEV|Any CPU
		{D439D732-0691-46E4-AB74-DAFA7682567F}.HLG|Any CPU.ActiveCfg = HLG|Any CPU
		{D439D732-0691-46E4-AB74-DAFA7682567F}.HLG|Any CPU.Build.0 = HLG|Any CPU
		{D439D732-0691-46E4-AB74-DAFA7682567F}.PRD|Any CPU.ActiveCfg = PRD|Any CPU
		{D439D732-0691-46E4-AB74-DAFA7682567F}.PRD|Any CPU.Build.0 = PRD|Any CPU
		{D439D732-0691-46E4-AB74-DAFA7682567F}.Release|Any CPU.ActiveCfg = TST|Any CPU
		{D439D732-0691-46E4-AB74-DAFA7682567F}.Release|Any CPU.Build.0 = TST|Any CPU
		{D439D732-0691-46E4-AB74-DAFA7682567F}.TST|Any CPU.ActiveCfg = TST|Any CPU
		{D439D732-0691-46E4-AB74-DAFA7682567F}.TST|Any CPU.Build.0 = TST|Any CPU
		{E4AADB14-A99D-4531-932A-5544B7AC985B}.CI|Any CPU.ActiveCfg = CI|Any CPU
		{E4AADB14-A99D-4531-932A-5544B7AC985B}.CI|Any CPU.Build.0 = CI|Any CPU
		{E4AADB14-A99D-4531-932A-5544B7AC985B}.Debug|Any CPU.ActiveCfg = DEV|Any CPU
		{E4AADB14-A99D-4531-932A-5544B7AC985B}.Debug|Any CPU.Build.0 = DEV|Any CPU
		{E4AADB14-A99D-4531-932A-5544B7AC985B}.DEV|Any CPU.ActiveCfg = DEV|Any CPU
		{E4AADB14-A99D-4531-932A-5544B7AC985B}.DEV|Any CPU.Build.0 = DEV|Any CPU
		{E4AADB14-A99D-4531-932A-5544B7AC985B}.HLG|Any CPU.ActiveCfg = HLG|Any CPU
		{E4AADB14-A99D-4531-932A-5544B7AC985B}.HLG|Any CPU.Build.0 = HLG|Any CPU
		{E4AADB14-A99D-4531-932A-5544B7AC985B}.PRD|Any CPU.ActiveCfg = PRD|Any CPU
		{E4AADB14-A99D-4531-932A-5544B7AC985B}.PRD|Any CPU.Build.0 = PRD|Any CPU
		{E4AADB14-A99D-4531-932A-5544B7AC985B}.Release|Any CPU.ActiveCfg = TST|Any CPU
		{E4AADB14-A99D-4531-932A-5544B7AC985B}.Release|Any CPU.Build.0 = TST|Any CPU
		{E4AADB14-A99D-4531-932A-5544B7AC985B}.TST|Any CPU.ActiveCfg = TST|Any CPU
		{E4AADB14-A99D-4531-932A-5544B7AC985B}.TST|Any CPU.Build.0 = TST|Any CPU
		{6A4095A5-BC06-429D-9FB1-0D7426BBCBDC}.CI|Any CPU.ActiveCfg = CI|Any CPU
		{6A4095A5-BC06-429D-9FB1-0D7426BBCBDC}.CI|Any CPU.Build.0 = CI|Any CPU
		{6A4095A5-BC06-429D-9FB1-0D7426BBCBDC}.Debug|Any CPU.ActiveCfg = DEV|Any CPU
		{6A4095A5-BC06-429D-9FB1-0D7426BBCBDC}.Debug|Any CPU.Build.0 = DEV|Any CPU
		{6A4095A5-BC06-429D-9FB1-0D7426BBCBDC}.DEV|Any CPU.ActiveCfg = DEV|Any CPU
		{6A4095A5-BC06-429D-9FB1-0D7426BBCBDC}.DEV|Any CPU.Build.0 = DEV|Any CPU
		{6A4095A5-BC06-429D-9FB1-0D7426BBCBDC}.HLG|Any CPU.ActiveCfg = HLG|Any CPU
		{6A4095A5-BC06-429D-9FB1-0D7426BBCBDC}.HLG|Any CPU.Build.0 = HLG|Any CPU
		{6A4095A5-BC06-429D-9FB1-0D7426BBCBDC}.PRD|Any CPU.ActiveCfg = PRD|Any CPU
		{6A4095A5-BC06-429D-9FB1-0D7426BBCBDC}.PRD|Any CPU.Build.0 = PRD|Any CPU
		{6A4095A5-BC06-429D-9FB1-0D7426BBCBDC}.Release|Any CPU.ActiveCfg = TST|Any CPU
		{6A4095A5-BC06-429D-9FB1-0D7426BBCBDC}.Release|Any CPU.Build.0 = TST|Any CPU
		{6A4095A5-BC06-429D-9FB1-0D7426BBCBDC}.TST|Any CPU.ActiveCfg = TST|Any CPU
		{6A4095A5-BC06-429D-9FB1-0D7426BBCBDC}.TST|Any CPU.Build.0 = TST|Any CPU
		{2E7F3EB6-0893-4D56-BE9B-857CCA9D084C}.CI|Any CPU.ActiveCfg = CI|Any CPU
		{2E7F3EB6-0893-4D56-BE9B-857CCA9D084C}.CI|Any CPU.Build.0 = CI|Any CPU
		{2E7F3EB6-0893-4D56-BE9B-857CCA9D084C}.Debug|Any CPU.ActiveCfg = DEV|Any CPU
		{2E7F3EB6-0893-4D56-BE9B-857CCA9D084C}.Debug|Any CPU.Build.0 = DEV|Any CPU
		{2E7F3EB6-0893-4D56-BE9B-857CCA9D084C}.DEV|Any CPU.ActiveCfg = DEV|Any CPU
		{2E7F3EB6-0893-4D56-BE9B-857CCA9D084C}.DEV|Any CPU.Build.0 = DEV|Any CPU
		{2E7F3EB6-0893-4D56-BE9B-857CCA9D084C}.HLG|Any CPU.ActiveCfg = HLG|Any CPU
		{2E7F3EB6-0893-4D56-BE9B-857CCA9D084C}.HLG|Any CPU.Build.0 = HLG|Any CPU
		{2E7F3EB6-0893-4D56-BE9B-857CCA9D084C}.PRD|Any CPU.ActiveCfg = PRD|Any CPU
		{2E7F3EB6-0893-4D56-BE9B-857CCA9D084C}.PRD|Any CPU.Build.0 = PRD|Any CPU
		{2E7F3EB6-0893-4D56-BE9B-857CCA9D084C}.Release|Any CPU.ActiveCfg = Release|Any CPU
		{2E7F3EB6-0893-4D56-BE9B-857CCA9D084C}.Release|Any CPU.Build.0 = Release|Any CPU
		{2E7F3EB6-0893-4D56-BE9B-857CCA9D084C}.TST|Any CPU.ActiveCfg = TST|Any CPU
		{2E7F3EB6-0893-4D56-BE9B-857CCA9D084C}.TST|Any CPU.Build.0 = TST|Any CPU
		{B946259F-081F-499D-9CD0-6D33E4B9513D}.CI|Any CPU.ActiveCfg = CI|Any CPU
		{B946259F-081F-499D-9CD0-6D33E4B9513D}.CI|Any CPU.Build.0 = CI|Any CPU
		{B946259F-081F-499D-9CD0-6D33E4B9513D}.Debug|Any CPU.ActiveCfg = DEV|Any CPU
		{B946259F-081F-499D-9CD0-6D33E4B9513D}.Debug|Any CPU.Build.0 = DEV|Any CPU
		{B946259F-081F-499D-9CD0-6D33E4B9513D}.DEV|Any CPU.ActiveCfg = DEV|Any CPU
		{B946259F-081F-499D-9CD0-6D33E4B9513D}.DEV|Any CPU.Build.0 = DEV|Any CPU
		{B946259F-081F-499D-9CD0-6D33E4B9513D}.HLG|Any CPU.ActiveCfg = HLG|Any CPU
		{B946259F-081F-499D-9CD0-6D33E4B9513D}.HLG|Any CPU.Build.0 = HLG|Any CPU
		{B946259F-081F-499D-9CD0-6D33E4B9513D}.PRD|Any CPU.ActiveCfg = PRD|Any CPU
		{B946259F-081F-499D-9CD0-6D33E4B9513D}.PRD|Any CPU.Build.0 = PRD|Any CPU
		{B946259F-081F-499D-9CD0-6D33E4B9513D}.Release|Any CPU.ActiveCfg = Release|Any CPU
		{B946259F-081F-499D-9CD0-6D33E4B9513D}.Release|Any CPU.Build.0 = Release|Any CPU
		{B946259F-081F-499D-9CD0-6D33E4B9513D}.TST|Any CPU.ActiveCfg = TST|Any CPU
		{B946259F-081F-499D-9CD0-6D33E4B9513D}.TST|Any CPU.Build.0 = TST|Any CPU
		{482624AB-121E-49D0-BA81-2DBD433E44E2}.CI|Any CPU.ActiveCfg = CI|Any CPU
		{482624AB-121E-49D0-BA81-2DBD433E44E2}.CI|Any CPU.Build.0 = CI|Any CPU
		{482624AB-121E-49D0-BA81-2DBD433E44E2}.Debug|Any CPU.ActiveCfg = DEV|Any CPU
		{482624AB-121E-49D0-BA81-2DBD433E44E2}.Debug|Any CPU.Build.0 = DEV|Any CPU
		{482624AB-121E-49D0-BA81-2DBD433E44E2}.DEV|Any CPU.ActiveCfg = DEV|Any CPU
		{482624AB-121E-49D0-BA81-2DBD433E44E2}.DEV|Any CPU.Build.0 = DEV|Any CPU
		{482624AB-121E-49D0-BA81-2DBD433E44E2}.HLG|Any CPU.ActiveCfg = HLG|Any CPU
		{482624AB-121E-49D0-BA81-2DBD433E44E2}.HLG|Any CPU.Build.0 = HLG|Any CPU
		{482624AB-121E-49D0-BA81-2DBD433E44E2}.PRD|Any CPU.ActiveCfg = PRD|Any CPU
		{482624AB-121E-49D0-BA81-2DBD433E44E2}.PRD|Any CPU.Build.0 = PRD|Any CPU
		{482624AB-121E-49D0-BA81-2DBD433E44E2}.Release|Any CPU.ActiveCfg = TST|Any CPU
		{482624AB-121E-49D0-BA81-2DBD433E44E2}.Release|Any CPU.Build.0 = TST|Any CPU
		{482624AB-121E-49D0-BA81-2DBD433E44E2}.TST|Any CPU.ActiveCfg = TST|Any CPU
		{482624AB-121E-49D0-BA81-2DBD433E44E2}.TST|Any CPU.Build.0 = TST|Any CPU
	EndGlobalSection
	GlobalSection(SolutionProperties) = preSolution
		HideSolutionNode = FALSE
	EndGlobalSection
	GlobalSection(NestedProjects) = preSolution
		{02F7B328-6628-47E9-A067-2D0D1089D706} = {3C014A26-6DBB-4894-8264-B8B6EB413FA8}
		{2EB522D1-761E-4458-A25E-3D2220431BAA} = {3C014A26-6DBB-4894-8264-B8B6EB413FA8}
		{F4C368C8-8B52-4B0D-B26D-67DC00C5DC68} = {3C014A26-6DBB-4894-8264-B8B6EB413FA8}
		{7CC8032E-BB47-4C36-BAB7-BB726B9A4B80} = {3C014A26-6DBB-4894-8264-B8B6EB413FA8}
		{D439D732-0691-46E4-AB74-DAFA7682567F} = {4B1DA258-5BB8-4FCA-9448-E1901F2F2613}
		{E4AADB14-A99D-4531-932A-5544B7AC985B} = {4B1DA258-5BB8-4FCA-9448-E1901F2F2613}
		{6A4095A5-BC06-429D-9FB1-0D7426BBCBDC} = {7392284F-2369-4284-A2DE-7209457ADAE4}
		{2E7F3EB6-0893-4D56-BE9B-857CCA9D084C} = {7392284F-2369-4284-A2DE-7209457ADAE4}
		{B946259F-081F-499D-9CD0-6D33E4B9513D} = {7392284F-2369-4284-A2DE-7209457ADAE4}
		{482624AB-121E-49D0-BA81-2DBD433E44E2} = {7392284F-2369-4284-A2DE-7209457ADAE4}
	EndGlobalSection
EndGlobal
